
Microsoft Visual Studio Solution File, Format Version 12.00
# Visual Studio Version 17
VisualStudioVersion = 17.3.32929.385
MinimumVisualStudioVersion = 10.0.40219.1
Project("{FAE04EC0-301F-11D3-BF4B-00C04F79EFBC}") = "Lesson11Task1", "Lesson11Remastered\Lesson11Task1.csproj", "{8AB05D15-6355-41CF-B6DC-DE625DD8E283}"
EndProject
Project("{FAE04EC0-301F-11D3-BF4B-00C04F79EFBC}") = "Lesson11Task2", "Lesson11Task2\Lesson11Task2.csproj", "{C4C912D6-106A-47B3-B06E-A3B6F874546F}"
EndProject
Project("{FAE04EC0-301F-11D3-BF4B-00C04F79EFBC}") = "Lesson11Task3", "Lesson11Task3\Lesson11Task3.csproj", "{CF2F1040-C707-4FB7-8724-2BF17D2F8E6A}"
EndProject
Global
	GlobalSection(SolutionConfigurationPlatforms) = preSolution
		Debug|Any CPU = Debug|Any CPU
		Release|Any CPU = Release|Any CPU
	EndGlobalSection
	GlobalSection(ProjectConfigurationPlatforms) = postSolution
		{8AB05D15-6355-41CF-B6DC-DE625DD8E283}.Debug|Any CPU.ActiveCfg = Debug|Any CPU
		{8AB05D15-6355-41CF-B6DC-DE625DD8E283}.Debug|Any CPU.Build.0 = Debug|Any CPU
		{8AB05D15-6355-41CF-B6DC-DE625DD8E283}.Release|Any CPU.ActiveCfg = Release|Any CPU
		{8AB05D15-6355-41CF-B6DC-DE625DD8E283}.Release|Any CPU.Build.0 = Release|Any CPU
		{C4C912D6-106A-47B3-B06E-A3B6F874546F}.Debug|Any CPU.ActiveCfg = Debug|Any CPU
		{C4C912D6-106A-47B3-B06E-A3B6F874546F}.Debug|Any CPU.Build.0 = Debug|Any CPU
		{C4C912D6-106A-47B3-B06E-A3B6F874546F}.Release|Any CPU.ActiveCfg = Release|Any CPU
		{C4C912D6-106A-47B3-B06E-A3B6F874546F}.Release|Any CPU.Build.0 = Release|Any CPU
		{CF2F1040-C707-4FB7-8724-2BF17D2F8E6A}.Debug|Any CPU.ActiveCfg = Debug|Any CPU
		{CF2F1040-C707-4FB7-8724-2BF17D2F8E6A}.Debug|Any CPU.Build.0 = Debug|Any CPU
		{CF2F1040-C707-4FB7-8724-2BF17D2F8E6A}.Debug|Any CPU.Deploy.0 = Debug|Any CPU
		{CF2F1040-C707-4FB7-8724-2BF17D2F8E6A}.Release|Any CPU.ActiveCfg = Release|Any CPU
		{CF2F1040-C707-4FB7-8724-2BF17D2F8E6A}.Release|Any CPU.Build.0 = Release|Any CPU
		{CF2F1040-C707-4FB7-8724-2BF17D2F8E6A}.Release|Any CPU.Deploy.0 = Release|Any CPU
	EndGlobalSection
	GlobalSection(SolutionProperties) = preSolution
		HideSolutionNode = FALSE
	EndGlobalSection
	GlobalSection(ExtensibilityGlobals) = postSolution
		SolutionGuid = {09318E47-DA3D-470F-B8C7-F64B97FC1F0F}
	EndGlobalSection
EndGlobal
